
Microsoft Visual Studio Solution File, Format Version 12.00
# Visual Studio Express 2012 for Windows Desktop
Project("{FAE04EC0-301F-11D3-BF4B-00C04F79EFBC}") = "LoveStar", "LoveStar\LoveStar.csproj", "{8C8DC3EB-5B93-4E33-A643-5C34AB36751E}"
EndProject
Project("{FAE04EC0-301F-11D3-BF4B-00C04F79EFBC}") = "LoveStar_Point", "LoveStar_Point\LoveStar_Point.csproj", "{B7A45452-99CB-4755-9184-1382AE3D7D53}"
EndProject
Global
	GlobalSection(SolutionConfigurationPlatforms) = preSolution
		Debug|x86 = Debug|x86
		Release|x86 = Release|x86
	EndGlobalSection
	GlobalSection(ProjectConfigurationPlatforms) = postSolution
		{8C8DC3EB-5B93-4E33-A643-5C34AB36751E}.Debug|x86.ActiveCfg = Debug|x86
		{8C8DC3EB-5B93-4E33-A643-5C34AB36751E}.Debug|x86.Build.0 = Debug|x86
		{8C8DC3EB-5B93-4E33-A643-5C34AB36751E}.Release|x86.ActiveCfg = Release|x86
		{8C8DC3EB-5B93-4E33-A643-5C34AB36751E}.Release|x86.Build.0 = Release|x86
		{B7A45452-99CB-4755-9184-1382AE3D7D53}.Debug|x86.ActiveCfg = Debug|x86
		{B7A45452-99CB-4755-9184-1382AE3D7D53}.Debug|x86.Build.0 = Debug|x86
		{B7A45452-99CB-4755-9184-1382AE3D7D53}.Release|x86.ActiveCfg = Release|x86
		{B7A45452-99CB-4755-9184-1382AE3D7D53}.Release|x86.Build.0 = Release|x86
	EndGlobalSection
	GlobalSection(SolutionProperties) = preSolution
		HideSolutionNode = FALSE
	EndGlobalSection
EndGlobal
